
Microsoft Visual Studio Solution File, Format Version 12.00
# Visual Studio 14
VisualStudioVersion = 14.0.25420.1
MinimumVisualStudioVersion = 10.0.40219.1
Project("{FAE04EC0-301F-11D3-BF4B-00C04F79EFBC}") = "SelfBootstrappingAssembly.Console", "SelfBootstrappingAssembly.Console\SelfBootstrappingAssembly.Console.csproj", "{1452449B-7BC8-44A4-8126-6F2163CD346F}"
EndProject
Project("{FAE04EC0-301F-11D3-BF4B-00C04F79EFBC}") = "SelfBootstrappingAssembly.ExternalDependency", "SelfBootstrappingAssembly.ExternalDependency\SelfBootstrappingAssembly.ExternalDependency.csproj", "{9D276FAC-C681-4526-8892-FB4D4E02F503}"
EndProject
Global
	GlobalSection(SolutionConfigurationPlatforms) = preSolution
		Debug|Any CPU = Debug|Any CPU
		Release|Any CPU = Release|Any CPU
	EndGlobalSection
	GlobalSection(ProjectConfigurationPlatforms) = postSolution
		{1452449B-7BC8-44A4-8126-6F2163CD346F}.Debug|Any CPU.ActiveCfg = Debug|Any CPU
		{1452449B-7BC8-44A4-8126-6F2163CD346F}.Debug|Any CPU.Build.0 = Debug|Any CPU
		{1452449B-7BC8-44A4-8126-6F2163CD346F}.Release|Any CPU.ActiveCfg = Release|Any CPU
		{1452449B-7BC8-44A4-8126-6F2163CD346F}.Release|Any CPU.Build.0 = Release|Any CPU
		{9D276FAC-C681-4526-8892-FB4D4E02F503}.Debug|Any CPU.ActiveCfg = Debug|Any CPU
		{9D276FAC-C681-4526-8892-FB4D4E02F503}.Debug|Any CPU.Build.0 = Debug|Any CPU
		{9D276FAC-C681-4526-8892-FB4D4E02F503}.Release|Any CPU.ActiveCfg = Release|Any CPU
		{9D276FAC-C681-4526-8892-FB4D4E02F503}.Release|Any CPU.Build.0 = Release|Any CPU
	EndGlobalSection
	GlobalSection(SolutionProperties) = preSolution
		HideSolutionNode = FALSE
	EndGlobalSection
EndGlobal
